
Microsoft Visual Studio Solution File, Format Version 12.00
# Visual Studio 15
VisualStudioVersion = 15.0.28307.489
MinimumVisualStudioVersion = 10.0.40219.1
Project("{FAE04EC0-301F-11D3-BF4B-00C04F79EFBC}") = "XamarinBindingIssue.Android", "XamarinBindingIssue\XamarinBindingIssue.Android\XamarinBindingIssue.Android.csproj", "{3FD65B32-B4D9-4B63-A431-174FB04DAE8C}"
EndProject
Project("{FAE04EC0-301F-11D3-BF4B-00C04F79EFBC}") = "XamarinBindingIssue", "XamarinBindingIssue\XamarinBindingIssue\XamarinBindingIssue.csproj", "{02C772CB-7FCE-4B01-B539-7AA9A4AF970B}"
EndProject
Global
	GlobalSection(SolutionConfigurationPlatforms) = preSolution
		Debug|Any CPU = Debug|Any CPU
		Release|Any CPU = Release|Any CPU
	EndGlobalSection
	GlobalSection(ProjectConfigurationPlatforms) = postSolution
		{3FD65B32-B4D9-4B63-A431-174FB04DAE8C}.Debug|Any CPU.ActiveCfg = Debug|Any CPU
		{3FD65B32-B4D9-4B63-A431-174FB04DAE8C}.Debug|Any CPU.Build.0 = Debug|Any CPU
		{3FD65B32-B4D9-4B63-A431-174FB04DAE8C}.Debug|Any CPU.Deploy.0 = Debug|Any CPU
		{3FD65B32-B4D9-4B63-A431-174FB04DAE8C}.Release|Any CPU.ActiveCfg = Release|Any CPU
		{3FD65B32-B4D9-4B63-A431-174FB04DAE8C}.Release|Any CPU.Build.0 = Release|Any CPU
		{3FD65B32-B4D9-4B63-A431-174FB04DAE8C}.Release|Any CPU.Deploy.0 = Release|Any CPU
		{02C772CB-7FCE-4B01-B539-7AA9A4AF970B}.Debug|Any CPU.ActiveCfg = Debug|Any CPU
		{02C772CB-7FCE-4B01-B539-7AA9A4AF970B}.Debug|Any CPU.Build.0 = Debug|Any CPU
		{02C772CB-7FCE-4B01-B539-7AA9A4AF970B}.Debug|Any CPU.Deploy.0 = Debug|Any CPU
		{02C772CB-7FCE-4B01-B539-7AA9A4AF970B}.Release|Any CPU.ActiveCfg = Release|Any CPU
		{02C772CB-7FCE-4B01-B539-7AA9A4AF970B}.Release|Any CPU.Build.0 = Release|Any CPU
		{02C772CB-7FCE-4B01-B539-7AA9A4AF970B}.Release|Any CPU.Deploy.0 = Release|Any CPU
	EndGlobalSection
	GlobalSection(SolutionProperties) = preSolution
		HideSolutionNode = FALSE
	EndGlobalSection
	GlobalSection(ExtensibilityGlobals) = postSolution
		SolutionGuid = {AA709E53-EE9F-4335-95DE-EAF2DA296C57}
	EndGlobalSection
EndGlobal
